
Microsoft Visual Studio Solution File, Format Version 12.00
# Visual Studio Version 16
VisualStudioVersion = 16.0.29009.5
MinimumVisualStudioVersion = 15.0.26124.0
Project("{9A19103F-16F7-4668-BE54-9A1E7A4F7556}") = "CasCap.Apis.GooglePhotos", "src\CasCap.Apis.GooglePhotos\CasCap.Apis.GooglePhotos.csproj", "{2A448BCC-84A1-4512-87B3-2685E40B75C4}"
EndProject
Project("{9A19103F-16F7-4668-BE54-9A1E7A4F7556}") = "CasCap.Apis.GooglePhotos.Tests", "src\CasCap.Apis.GooglePhotos.Tests\CasCap.Apis.GooglePhotos.Tests.csproj", "{943A9741-D29D-455F-917F-95FF428F80FD}"
EndProject
Project("{2150E333-8FDC-42A3-9474-1A3956D46DE8}") = "Samples", "Samples", "{1FAD3270-948C-415D-9D2C-63D410E92476}"
EndProject
Project("{9A19103F-16F7-4668-BE54-9A1E7A4F7556}") = "ConsoleApp", "samples\ConsoleApp\ConsoleApp.csproj", "{2B5E1E09-BAAF-4D66-89BF-D80A1912B6CA}"
EndProject
Project("{9A19103F-16F7-4668-BE54-9A1E7A4F7556}") = "GenericHost", "samples\GenericHost\GenericHost.csproj", "{A6C54B65-6A2D-4BA9-8A11-6097CC351DA5}"
EndProject
Global
	GlobalSection(SolutionConfigurationPlatforms) = preSolution
		Debug|Any CPU = Debug|Any CPU
		Debug|x64 = Debug|x64
		Debug|x86 = Debug|x86
		Release|Any CPU = Release|Any CPU
		Release|x64 = Release|x64
		Release|x86 = Release|x86
	EndGlobalSection
	GlobalSection(ProjectConfigurationPlatforms) = postSolution
		{2A448BCC-84A1-4512-87B3-2685E40B75C4}.Debug|Any CPU.ActiveCfg = Debug|Any CPU
		{2A448BCC-84A1-4512-87B3-2685E40B75C4}.Debug|Any CPU.Build.0 = Debug|Any CPU
		{2A448BCC-84A1-4512-87B3-2685E40B75C4}.Debug|x64.ActiveCfg = Debug|Any CPU
		{2A448BCC-84A1-4512-87B3-2685E40B75C4}.Debug|x64.Build.0 = Debug|Any CPU
		{2A448BCC-84A1-4512-87B3-2685E40B75C4}.Debug|x86.ActiveCfg = Debug|Any CPU
		{2A448BCC-84A1-4512-87B3-2685E40B75C4}.Debug|x86.Build.0 = Debug|Any CPU
		{2A448BCC-84A1-4512-87B3-2685E40B75C4}.Release|Any CPU.ActiveCfg = Release|Any CPU
		{2A448BCC-84A1-4512-87B3-2685E40B75C4}.Release|Any CPU.Build.0 = Release|Any CPU
		{2A448BCC-84A1-4512-87B3-2685E40B75C4}.Release|x64.ActiveCfg = Release|Any CPU
		{2A448BCC-84A1-4512-87B3-2685E40B75C4}.Release|x64.Build.0 = Release|Any CPU
		{2A448BCC-84A1-4512-87B3-2685E40B75C4}.Release|x86.ActiveCfg = Release|Any CPU
		{2A448BCC-84A1-4512-87B3-2685E40B75C4}.Release|x86.Build.0 = Release|Any CPU
		{943A9741-D29D-455F-917F-95FF428F80FD}.Debug|Any CPU.ActiveCfg = Debug|Any CPU
		{943A9741-D29D-455F-917F-95FF428F80FD}.Debug|Any CPU.Build.0 = Debug|Any CPU
		{943A9741-D29D-455F-917F-95FF428F80FD}.Debug|x64.ActiveCfg = Debug|Any CPU
		{943A9741-D29D-455F-917F-95FF428F80FD}.Debug|x64.Build.0 = Debug|Any CPU
		{943A9741-D29D-455F-917F-95FF428F80FD}.Debug|x86.ActiveCfg = Debug|Any CPU
		{943A9741-D29D-455F-917F-95FF428F80FD}.Debug|x86.Build.0 = Debug|Any CPU
		{943A9741-D29D-455F-917F-95FF428F80FD}.Release|Any CPU.ActiveCfg = Release|Any CPU
		{943A9741-D29D-455F-917F-95FF428F80FD}.Release|Any CPU.Build.0 = Release|Any CPU
		{943A9741-D29D-455F-917F-95FF428F80FD}.Release|x64.ActiveCfg = Release|Any CPU
		{943A9741-D29D-455F-917F-95FF428F80FD}.Release|x64.Build.0 = Release|Any CPU
		{943A9741-D29D-455F-917F-95FF428F80FD}.Release|x86.ActiveCfg = Release|Any CPU
		{943A9741-D29D-455F-917F-95FF428F80FD}.Release|x86.Build.0 = Release|Any CPU
		{2B5E1E09-BAAF-4D66-89BF-D80A1912B6CA}.Debug|Any CPU.ActiveCfg = Debug|Any CPU
		{2B5E1E09-BAAF-4D66-89BF-D80A1912B6CA}.Debug|Any CPU.Build.0 = Debug|Any CPU
		{2B5E1E09-BAAF-4D66-89BF-D80A1912B6CA}.Debug|x64.ActiveCfg = Debug|Any CPU
		{2B5E1E09-BAAF-4D66-89BF-D80A1912B6CA}.Debug|x64.Build.0 = Debug|Any CPU
		{2B5E1E09-BAAF-4D66-89BF-D80A1912B6CA}.Debug|x86.ActiveCfg = Debug|Any CPU
		{2B5E1E09-BAAF-4D66-89BF-D80A1912B6CA}.Debug|x86.Build.0 = Debug|Any CPU
		{2B5E1E09-BAAF-4D66-89BF-D80A1912B6CA}.Release|Any CPU.ActiveCfg = Release|Any CPU
		{2B5E1E09-BAAF-4D66-89BF-D80A1912B6CA}.Release|Any CPU.Build.0 = Release|Any CPU
		{2B5E1E09-BAAF-4D66-89BF-D80A1912B6CA}.Release|x64.ActiveCfg = Release|Any CPU
		{2B5E1E09-BAAF-4D66-89BF-D80A1912B6CA}.Release|x64.Build.0 = Release|Any CPU
		{2B5E1E09-BAAF-4D66-89BF-D80A1912B6CA}.Release|x86.ActiveCfg = Release|Any CPU
		{2B5E1E09-BAAF-4D66-89BF-D80A1912B6CA}.Release|x86.Build.0 = Release|Any CPU
		{A6C54B65-6A2D-4BA9-8A11-6097CC351DA5}.Debug|Any CPU.ActiveCfg = Debug|Any CPU
		{A6C54B65-6A2D-4BA9-8A11-6097CC351DA5}.Debug|Any CPU.Build.0 = Debug|Any CPU
		{A6C54B65-6A2D-4BA9-8A11-6097CC351DA5}.Debug|x64.ActiveCfg = Debug|Any CPU
		{A6C54B65-6A2D-4BA9-8A11-6097CC351DA5}.Debug|x64.Build.0 = Debug|Any CPU
		{A6C54B65-6A2D-4BA9-8A11-6097CC351DA5}.Debug|x86.ActiveCfg = Debug|Any CPU
		{A6C54B65-6A2D-4BA9-8A11-6097CC351DA5}.Debug|x86.Build.0 = Debug|Any CPU
		{A6C54B65-6A2D-4BA9-8A11-6097CC351DA5}.Release|Any CPU.ActiveCfg = Release|Any CPU
		{A6C54B65-6A2D-4BA9-8A11-6097CC351DA5}.Release|Any CPU.Build.0 = Release|Any CPU
		{A6C54B65-6A2D-4BA9-8A11-6097CC351DA5}.Release|x64.ActiveCfg = Release|Any CPU
		{A6C54B65-6A2D-4BA9-8A11-6097CC351DA5}.Release|x64.Build.0 = Release|Any CPU
		{A6C54B65-6A2D-4BA9-8A11-6097CC351DA5}.Release|x86.ActiveCfg = Release|Any CPU
		{A6C54B65-6A2D-4BA9-8A11-6097CC351DA5}.Release|x86.Build.0 = Release|Any CPU
	EndGlobalSection
	GlobalSection(SolutionProperties) = preSolution
		HideSolutionNode = FALSE
	EndGlobalSection
	GlobalSection(NestedProjects) = preSolution
		{2B5E1E09-BAAF-4D66-89BF-D80A1912B6CA} = {1FAD3270-948C-415D-9D2C-63D410E92476}
		{A6C54B65-6A2D-4BA9-8A11-6097CC351DA5} = {1FAD3270-948C-415D-9D2C-63D410E92476}
	EndGlobalSection
	GlobalSection(ExtensibilityGlobals) = postSolution
		SolutionGuid = {315434A5-DC61-4070-8452-C6695E1B14E0}
	EndGlobalSection
EndGlobal
